
Microsoft Visual Studio Solution File, Format Version 12.00
# Visual Studio Version 17
VisualStudioVersion = 17.4.33205.214
MinimumVisualStudioVersion = 10.0.40219.1
Project("{FAE04EC0-301F-11D3-BF4B-00C04F79EFBC}") = "CollectionSet", "CollectionSet\CollectionSet.csproj", "{2160C732-4133-462E-978D-6662B6DF59F5}"
EndProject
Global
	GlobalSection(SolutionConfigurationPlatforms) = preSolution
		Debug|Any CPU = Debug|Any CPU
		Release|Any CPU = Release|Any CPU
	EndGlobalSection
	GlobalSection(ProjectConfigurationPlatforms) = postSolution
		{2160C732-4133-462E-978D-6662B6DF59F5}.Debug|Any CPU.ActiveCfg = Debug|Any CPU
		{2160C732-4133-462E-978D-6662B6DF59F5}.Debug|Any CPU.Build.0 = Debug|Any CPU
		{2160C732-4133-462E-978D-6662B6DF59F5}.Release|Any CPU.ActiveCfg = Release|Any CPU
		{2160C732-4133-462E-978D-6662B6DF59F5}.Release|Any CPU.Build.0 = Release|Any CPU
	EndGlobalSection
	GlobalSection(SolutionProperties) = preSolution
		HideSolutionNode = FALSE
	EndGlobalSection
	GlobalSection(ExtensibilityGlobals) = postSolution
		SolutionGuid = {07690AAF-CC9A-4069-9047-A376F3E6E730}
	EndGlobalSection
EndGlobal
